
Microsoft Visual Studio Solution File, Format Version 12.00
# Visual Studio 15
VisualStudioVersion = 15.0.27703.2042
MinimumVisualStudioVersion = 10.0.40219.1
Project("{FAE04EC0-301F-11D3-BF4B-00C04F79EFBC}") = "Crozzle", "Crozzle\Crozzle.csproj", "{CF2C9152-3DB4-46FF-89B5-A5B3FC4D2774}"
EndProject
Global
	GlobalSection(SolutionConfigurationPlatforms) = preSolution
		Debug|Any CPU = Debug|Any CPU
		Release|Any CPU = Release|Any CPU
	EndGlobalSection
	GlobalSection(ProjectConfigurationPlatforms) = postSolution
		{CF2C9152-3DB4-46FF-89B5-A5B3FC4D2774}.Debug|Any CPU.ActiveCfg = Debug|Any CPU
		{CF2C9152-3DB4-46FF-89B5-A5B3FC4D2774}.Debug|Any CPU.Build.0 = Debug|Any CPU
		{CF2C9152-3DB4-46FF-89B5-A5B3FC4D2774}.Release|Any CPU.ActiveCfg = Release|Any CPU
		{CF2C9152-3DB4-46FF-89B5-A5B3FC4D2774}.Release|Any CPU.Build.0 = Release|Any CPU
	EndGlobalSection
	GlobalSection(SolutionProperties) = preSolution
		HideSolutionNode = FALSE
	EndGlobalSection
	GlobalSection(ExtensibilityGlobals) = postSolution
		SolutionGuid = {B2EF4963-53D8-4603-897C-AE686F4A5631}
	EndGlobalSection
EndGlobal
